
Microsoft Visual Studio Solution File, Format Version 12.00
# Visual Studio Version 17
VisualStudioVersion = 17.8.34408.163
MinimumVisualStudioVersion = 10.0.40219.1
Project("{9A19103F-16F7-4668-BE54-9A1E7A4F7556}") = "MarketDataService.WebAPI", "MarkeDataService.WebAPI\MarketDataService.WebAPI.csproj", "{268BEBAC-C6A0-4ED1-9B76-B613AE9819CD}"
EndProject
Project("{FAE04EC0-301F-11D3-BF4B-00C04F79EFBC}") = "MarketDataService.Infrastructure", "MarketDataService.Infrastructure\MarketDataService.Infrastructure.csproj", "{959BD087-7EC2-489A-8FFE-0CC7DF0C4FA7}"
EndProject
Project("{FAE04EC0-301F-11D3-BF4B-00C04F79EFBC}") = "MarketDataService.Domain", "MarketDataService.Domain\MarketDataService.Domain.csproj", "{0E40C0D0-D380-4EC5-81AA-0DE88F8CC5D0}"
EndProject
Project("{FAE04EC0-301F-11D3-BF4B-00C04F79EFBC}") = "MarketDataService.Application", "MarketDataService.Application\MarketDataService.Application.csproj", "{DB96E6AF-0C36-4214-B727-F1B6357C0B39}"
EndProject
Global
	GlobalSection(SolutionConfigurationPlatforms) = preSolution
		Debug|Any CPU = Debug|Any CPU
		Release|Any CPU = Release|Any CPU
	EndGlobalSection
	GlobalSection(ProjectConfigurationPlatforms) = postSolution
		{268BEBAC-C6A0-4ED1-9B76-B613AE9819CD}.Debug|Any CPU.ActiveCfg = Debug|Any CPU
		{268BEBAC-C6A0-4ED1-9B76-B613AE9819CD}.Debug|Any CPU.Build.0 = Debug|Any CPU
		{268BEBAC-C6A0-4ED1-9B76-B613AE9819CD}.Release|Any CPU.ActiveCfg = Release|Any CPU
		{268BEBAC-C6A0-4ED1-9B76-B613AE9819CD}.Release|Any CPU.Build.0 = Release|Any CPU
		{959BD087-7EC2-489A-8FFE-0CC7DF0C4FA7}.Debug|Any CPU.ActiveCfg = Debug|Any CPU
		{959BD087-7EC2-489A-8FFE-0CC7DF0C4FA7}.Debug|Any CPU.Build.0 = Debug|Any CPU
		{959BD087-7EC2-489A-8FFE-0CC7DF0C4FA7}.Release|Any CPU.ActiveCfg = Release|Any CPU
		{959BD087-7EC2-489A-8FFE-0CC7DF0C4FA7}.Release|Any CPU.Build.0 = Release|Any CPU
		{0E40C0D0-D380-4EC5-81AA-0DE88F8CC5D0}.Debug|Any CPU.ActiveCfg = Debug|Any CPU
		{0E40C0D0-D380-4EC5-81AA-0DE88F8CC5D0}.Debug|Any CPU.Build.0 = Debug|Any CPU
		{0E40C0D0-D380-4EC5-81AA-0DE88F8CC5D0}.Release|Any CPU.ActiveCfg = Release|Any CPU
		{0E40C0D0-D380-4EC5-81AA-0DE88F8CC5D0}.Release|Any CPU.Build.0 = Release|Any CPU
		{DB96E6AF-0C36-4214-B727-F1B6357C0B39}.Debug|Any CPU.ActiveCfg = Debug|Any CPU
		{DB96E6AF-0C36-4214-B727-F1B6357C0B39}.Debug|Any CPU.Build.0 = Debug|Any CPU
		{DB96E6AF-0C36-4214-B727-F1B6357C0B39}.Release|Any CPU.ActiveCfg = Release|Any CPU
		{DB96E6AF-0C36-4214-B727-F1B6357C0B39}.Release|Any CPU.Build.0 = Release|Any CPU
	EndGlobalSection
	GlobalSection(SolutionProperties) = preSolution
		HideSolutionNode = FALSE
	EndGlobalSection
	GlobalSection(ExtensibilityGlobals) = postSolution
		SolutionGuid = {7A6DDC48-C748-4CB1-9253-9A093BE6BFE8}
	EndGlobalSection
EndGlobal
